
Microsoft Visual Studio Solution File, Format Version 12.00
# Visual Studio Version 17
VisualStudioVersion = 17.5.002.0
MinimumVisualStudioVersion = 10.0.40219.1
Project("{9A19103F-16F7-4668-BE54-9A1E7A4F7556}") = "api", "api\api.csproj", "{CD78B918-AAA5-4F6E-9627-EED392088F40}"
EndProject
Global
	GlobalSection(SolutionConfigurationPlatforms) = preSolution
		Debug|Any CPU = Debug|Any CPU
		Release|Any CPU = Release|Any CPU
	EndGlobalSection
	GlobalSection(ProjectConfigurationPlatforms) = postSolution
		{CD78B918-AAA5-4F6E-9627-EED392088F40}.Debug|Any CPU.ActiveCfg = Debug|Any CPU
		{CD78B918-AAA5-4F6E-9627-EED392088F40}.Debug|Any CPU.Build.0 = Debug|Any CPU
		{CD78B918-AAA5-4F6E-9627-EED392088F40}.Release|Any CPU.ActiveCfg = Release|Any CPU
		{CD78B918-AAA5-4F6E-9627-EED392088F40}.Release|Any CPU.Build.0 = Release|Any CPU
	EndGlobalSection
	GlobalSection(SolutionProperties) = preSolution
		HideSolutionNode = FALSE
	EndGlobalSection
	GlobalSection(ExtensibilityGlobals) = postSolution
		SolutionGuid = {C455D6D2-752D-4BA7-8792-67B3D93A1DB9}
	EndGlobalSection
EndGlobal
